
Microsoft Visual Studio Solution File, Format Version 12.00
# Visual Studio Version 16
VisualStudioVersion = 16.0.29709.97
MinimumVisualStudioVersion = 10.0.40219.1
Project("{FAE04EC0-301F-11D3-BF4B-00C04F79EFBC}") = "GMod-Server-Launcher-Console", "GMod-Server-Launcher-Console.csproj", "{3738F99F-86D6-43B2-94BF-BA9636E0D7DC}"
EndProject
Global
	GlobalSection(SolutionConfigurationPlatforms) = preSolution
		Debug|Any CPU = Debug|Any CPU
		Release|Any CPU = Release|Any CPU
	EndGlobalSection
	GlobalSection(ProjectConfigurationPlatforms) = postSolution
		{3738F99F-86D6-43B2-94BF-BA9636E0D7DC}.Debug|Any CPU.ActiveCfg = Debug|Any CPU
		{3738F99F-86D6-43B2-94BF-BA9636E0D7DC}.Debug|Any CPU.Build.0 = Debug|Any CPU
		{3738F99F-86D6-43B2-94BF-BA9636E0D7DC}.Release|Any CPU.ActiveCfg = Release|Any CPU
		{3738F99F-86D6-43B2-94BF-BA9636E0D7DC}.Release|Any CPU.Build.0 = Release|Any CPU
	EndGlobalSection
	GlobalSection(SolutionProperties) = preSolution
		HideSolutionNode = FALSE
	EndGlobalSection
	GlobalSection(ExtensibilityGlobals) = postSolution
		SolutionGuid = {A107124C-50C8-4375-867E-3F383C402D20}
	EndGlobalSection
EndGlobal
